
Microsoft Visual Studio Solution File, Format Version 12.00
# Visual Studio Version 17
VisualStudioVersion = 17.0.31903.59
MinimumVisualStudioVersion = 10.0.40219.1
Project("{2150E333-8FDC-42A3-9474-1A3956D46DE8}") = "src", "src", "{827E0CD3-B72D-47B6-A68D-7590B98EB39B}"
EndProject
Project("{FAE04EC0-301F-11D3-BF4B-00C04F79EFBC}") = "CeleCamIp.Shared", "src\CeleCamIp.Shared\CeleCamIp.Shared.csproj", "{C68C426F-121E-4118-9B25-2F1AD580BE15}"
EndProject
Project("{FAE04EC0-301F-11D3-BF4B-00C04F79EFBC}") = "CeleCamIp.Server", "src\CeleCamIp.Server\CeleCamIp.Server.csproj", "{629AB9C7-990E-413B-B150-B9603A753431}"
EndProject
Project("{FAE04EC0-301F-11D3-BF4B-00C04F79EFBC}") = "CeleCamIp.Gateway", "src\CeleCamIp.Gateway\CeleCamIp.Gateway.csproj", "{34A92205-89FF-40F0-8E03-BA49C05D4FD3}"
EndProject
Project("{FAE04EC0-301F-11D3-BF4B-00C04F79EFBC}") = "CeleCamIp.App", "src\CeleCamIp.App\CeleCamIp.App.csproj", "{84B0A6B1-166E-438F-8B07-3406200648A6}"
EndProject
Project("{FAE04EC0-301F-11D3-BF4B-00C04F79EFBC}") = "CeleCamIp.CameraDiagnostic", "src\CeleCamIp.CameraDiagnostic\CeleCamIp.CameraDiagnostic.csproj", "{76E6F5B5-8A5D-4EBE-9B1A-B6051E06D274}"
EndProject
Global
	GlobalSection(SolutionConfigurationPlatforms) = preSolution
		Debug|Any CPU = Debug|Any CPU
		Debug|x64 = Debug|x64
		Debug|x86 = Debug|x86
		Release|Any CPU = Release|Any CPU
		Release|x64 = Release|x64
		Release|x86 = Release|x86
	EndGlobalSection
	GlobalSection(ProjectConfigurationPlatforms) = postSolution
		{C68C426F-121E-4118-9B25-2F1AD580BE15}.Debug|Any CPU.ActiveCfg = Debug|Any CPU
		{C68C426F-121E-4118-9B25-2F1AD580BE15}.Debug|Any CPU.Build.0 = Debug|Any CPU
		{C68C426F-121E-4118-9B25-2F1AD580BE15}.Debug|x64.ActiveCfg = Debug|Any CPU
		{C68C426F-121E-4118-9B25-2F1AD580BE15}.Debug|x64.Build.0 = Debug|Any CPU
		{C68C426F-121E-4118-9B25-2F1AD580BE15}.Debug|x86.ActiveCfg = Debug|Any CPU
		{C68C426F-121E-4118-9B25-2F1AD580BE15}.Debug|x86.Build.0 = Debug|Any CPU
		{C68C426F-121E-4118-9B25-2F1AD580BE15}.Release|Any CPU.ActiveCfg = Release|Any CPU
		{C68C426F-121E-4118-9B25-2F1AD580BE15}.Release|Any CPU.Build.0 = Release|Any CPU
		{C68C426F-121E-4118-9B25-2F1AD580BE15}.Release|x64.ActiveCfg = Release|Any CPU
		{C68C426F-121E-4118-9B25-2F1AD580BE15}.Release|x64.Build.0 = Release|Any CPU
		{C68C426F-121E-4118-9B25-2F1AD580BE15}.Release|x86.ActiveCfg = Release|Any CPU
		{C68C426F-121E-4118-9B25-2F1AD580BE15}.Release|x86.Build.0 = Release|Any CPU
		{629AB9C7-990E-413B-B150-B9603A753431}.Debug|Any CPU.ActiveCfg = Debug|Any CPU
		{629AB9C7-990E-413B-B150-B9603A753431}.Debug|Any CPU.Build.0 = Debug|Any CPU
		{629AB9C7-990E-413B-B150-B9603A753431}.Debug|x64.ActiveCfg = Debug|Any CPU
		{629AB9C7-990E-413B-B150-B9603A753431}.Debug|x64.Build.0 = Debug|Any CPU
		{629AB9C7-990E-413B-B150-B9603A753431}.Debug|x86.ActiveCfg = Debug|Any CPU
		{629AB9C7-990E-413B-B150-B9603A753431}.Debug|x86.Build.0 = Debug|Any CPU
		{629AB9C7-990E-413B-B150-B9603A753431}.Release|Any CPU.ActiveCfg = Release|Any CPU
		{629AB9C7-990E-413B-B150-B9603A753431}.Release|Any CPU.Build.0 = Release|Any CPU
		{629AB9C7-990E-413B-B150-B9603A753431}.Release|x64.ActiveCfg = Release|Any CPU
		{629AB9C7-990E-413B-B150-B9603A753431}.Release|x64.Build.0 = Release|Any CPU
		{629AB9C7-990E-413B-B150-B9603A753431}.Release|x86.ActiveCfg = Release|Any CPU
		{629AB9C7-990E-413B-B150-B9603A753431}.Release|x86.Build.0 = Release|Any CPU
		{34A92205-89FF-40F0-8E03-BA49C05D4FD3}.Debug|Any CPU.ActiveCfg = Debug|Any CPU
		{34A92205-89FF-40F0-8E03-BA49C05D4FD3}.Debug|Any CPU.Build.0 = Debug|Any CPU
		{34A92205-89FF-40F0-8E03-BA49C05D4FD3}.Debug|x64.ActiveCfg = Debug|Any CPU
		{34A92205-89FF-40F0-8E03-BA49C05D4FD3}.Debug|x64.Build.0 = Debug|Any CPU
		{34A92205-89FF-40F0-8E03-BA49C05D4FD3}.Debug|x86.ActiveCfg = Debug|Any CPU
		{34A92205-89FF-40F0-8E03-BA49C05D4FD3}.Debug|x86.Build.0 = Debug|Any CPU
		{34A92205-89FF-40F0-8E03-BA49C05D4FD3}.Release|Any CPU.ActiveCfg = Release|Any CPU
		{34A92205-89FF-40F0-8E03-BA49C05D4FD3}.Release|Any CPU.Build.0 = Release|Any CPU
		{34A92205-89FF-40F0-8E03-BA49C05D4FD3}.Release|x64.ActiveCfg = Release|Any CPU
		{34A92205-89FF-40F0-8E03-BA49C05D4FD3}.Release|x64.Build.0 = Release|Any CPU
		{34A92205-89FF-40F0-8E03-BA49C05D4FD3}.Release|x86.ActiveCfg = Release|Any CPU
		{34A92205-89FF-40F0-8E03-BA49C05D4FD3}.Release|x86.Build.0 = Release|Any CPU
		{84B0A6B1-166E-438F-8B07-3406200648A6}.Debug|Any CPU.ActiveCfg = Debug|Any CPU
		{84B0A6B1-166E-438F-8B07-3406200648A6}.Debug|Any CPU.Build.0 = Debug|Any CPU
		{84B0A6B1-166E-438F-8B07-3406200648A6}.Debug|x64.ActiveCfg = Debug|Any CPU
		{84B0A6B1-166E-438F-8B07-3406200648A6}.Debug|x64.Build.0 = Debug|Any CPU
		{84B0A6B1-166E-438F-8B07-3406200648A6}.Debug|x86.ActiveCfg = Debug|Any CPU
		{84B0A6B1-166E-438F-8B07-3406200648A6}.Debug|x86.Build.0 = Debug|Any CPU
		{84B0A6B1-166E-438F-8B07-3406200648A6}.Release|Any CPU.ActiveCfg = Release|Any CPU
		{84B0A6B1-166E-438F-8B07-3406200648A6}.Release|Any CPU.Build.0 = Release|Any CPU
		{84B0A6B1-166E-438F-8B07-3406200648A6}.Release|x64.ActiveCfg = Release|Any CPU
		{84B0A6B1-166E-438F-8B07-3406200648A6}.Release|x64.Build.0 = Release|Any CPU
		{84B0A6B1-166E-438F-8B07-3406200648A6}.Release|x86.ActiveCfg = Release|Any CPU
		{84B0A6B1-166E-438F-8B07-3406200648A6}.Release|x86.Build.0 = Release|Any CPU
		{76E6F5B5-8A5D-4EBE-9B1A-B6051E06D274}.Debug|Any CPU.ActiveCfg = Debug|Any CPU
		{76E6F5B5-8A5D-4EBE-9B1A-B6051E06D274}.Debug|Any CPU.Build.0 = Debug|Any CPU
		{76E6F5B5-8A5D-4EBE-9B1A-B6051E06D274}.Debug|x64.ActiveCfg = Debug|Any CPU
		{76E6F5B5-8A5D-4EBE-9B1A-B6051E06D274}.Debug|x64.Build.0 = Debug|Any CPU
		{76E6F5B5-8A5D-4EBE-9B1A-B6051E06D274}.Debug|x86.ActiveCfg = Debug|Any CPU
		{76E6F5B5-8A5D-4EBE-9B1A-B6051E06D274}.Debug|x86.Build.0 = Debug|Any CPU
		{76E6F5B5-8A5D-4EBE-9B1A-B6051E06D274}.Release|Any CPU.ActiveCfg = Release|Any CPU
		{76E6F5B5-8A5D-4EBE-9B1A-B6051E06D274}.Release|Any CPU.Build.0 = Release|Any CPU
		{76E6F5B5-8A5D-4EBE-9B1A-B6051E06D274}.Release|x64.ActiveCfg = Release|Any CPU
		{76E6F5B5-8A5D-4EBE-9B1A-B6051E06D274}.Release|x64.Build.0 = Release|Any CPU
		{76E6F5B5-8A5D-4EBE-9B1A-B6051E06D274}.Release|x86.ActiveCfg = Release|Any CPU
		{76E6F5B5-8A5D-4EBE-9B1A-B6051E06D274}.Release|x86.Build.0 = Release|Any CPU
	EndGlobalSection
	GlobalSection(SolutionProperties) = preSolution
		HideSolutionNode = FALSE
	EndGlobalSection
	GlobalSection(NestedProjects) = preSolution
		{C68C426F-121E-4118-9B25-2F1AD580BE15} = {827E0CD3-B72D-47B6-A68D-7590B98EB39B}
		{629AB9C7-990E-413B-B150-B9603A753431} = {827E0CD3-B72D-47B6-A68D-7590B98EB39B}
		{34A92205-89FF-40F0-8E03-BA49C05D4FD3} = {827E0CD3-B72D-47B6-A68D-7590B98EB39B}
		{84B0A6B1-166E-438F-8B07-3406200648A6} = {827E0CD3-B72D-47B6-A68D-7590B98EB39B}
		{76E6F5B5-8A5D-4EBE-9B1A-B6051E06D274} = {827E0CD3-B72D-47B6-A68D-7590B98EB39B}
	EndGlobalSection
EndGlobal
